Microsoft Visual Studio Solution File, Format Version 12.00
# Visual Studio Version 17
VisualStudioVersion = 17.8.34227.203
MinimumVisualStudioVersion = 10.0.40219.1
Project("{9A19103F-16F7-4668-BE54-9A1E7A4F7556}") = "ExcelMerge", "ExcelMerge\ExcelMerge.csproj", "{09AA7F86-7EF6-44D4-98D9-916D4E2FC258}"
EndProject
Global
	GlobalSection(SolutionConfigurationPlatforms) = preSolution
		Debug|Any CPU = Debug|Any CPU
		Release|Any CPU = Release|Any CPU
	EndGlobalSection
	GlobalSection(ProjectConfigurationPlatforms) = postSolution
		{09AA7F86-7EF6-44D4-98D9-916D4E2FC258}.Debug|Any CPU.ActiveCfg = Debug|Any CPU
		{09AA7F86-7EF6-44D4-98D9-916D4E2FC258}.Debug|Any CPU.Build.0 = Debug|Any CPU
		{09AA7F86-7EF6-44D4-98D9-916D4E2FC258}.Release|Any CPU.ActiveCfg = Release|Any CPU
		{09AA7F86-7EF6-44D4-98D9-916D4E2FC258}.Release|Any CPU.Build.0 = Release|Any CPU
	EndGlobalSection
	GlobalSection(SolutionProperties) = preSolution
		HideSolutionNode = FALSE
	EndGlobalSection
	GlobalSection(ExtensibilityGlobals) = postSolution
		SolutionGuid = {F2077F71-FEEB-4300-92BD-022CE4466E31}
	EndGlobalSection
EndGlobal
